// !$*UTF8*$!
{
	archiveVersion = 1;
	classes = {
	};
	objectVersion = 46;
	objects = {

/* Begin PBXBuildFile section */
		E90CB1AB1B896D0F00FF1A57 /* AppDelegate.swift in Sources */ = {isa = PBXBuildFile; fileRef = E90CB1AA1B896D0F00FF1A57 /* AppDelegate.swift */; };
		E90CB1AD1B896D0F00FF1A57 /* ViewController.swift in Sources */ = {isa = PBXBuildFile; fileRef = E90CB1AC1B896D0F00FF1A57 /* ViewController.swift */; };
		E90CB1B01B896D0F00FF1A57 /* Main.storyboard in Resources */ = {isa = PBXBuildFile; fileRef = E90CB1AE1B896D0F00FF1A57 /* Main.storyboard */; };
		E90CB1B21B896D0F00FF1A57 /* Images.xcassets in Resources */ = {isa = PBXBuildFile; fileRef = E90CB1B11B896D0F00FF1A57 /* Images.xcassets */; };
		E90CB1B51B896D0F00FF1A57 /* LaunchScreen.xib in Resources */ = {isa = PBXBuildFile; fileRef = E90CB1B31B896D0F00FF1A57 /* LaunchScreen.xib */; };
		E90CB1C11B896D0F00FF1A57 /* WebSocketAndDigitsAuthTests.swift in Sources */ = {isa = PBXBuildFile; fileRef = E90CB1C01B896D0F00FF1A57 /* WebSocketAndDigitsAuthTests.swift */; };
/* End PBXBuildFile section */

/* Begin PBXContainerItemProxy section */
		E90CB1BB1B896D0F00FF1A57 /* PBXContainerItemProxy */ = {
			isa = PBXContainerItemProxy;
			containerPortal = E90CB19D1B896D0F00FF1A57 /* Project object */;
			proxyType = 1;
			remoteGlobalIDString = E90CB1A41B896D0F00FF1A57;
			remoteInfo = WebSocketAndDigitsAuth;
		};
/* End PBXContainerItemProxy section */

/* Begin PBXFileReference section */
		E90CB1A51B896D0F00FF1A57 /* WebSocketAndDigitsAuth.app */ = {isa = PBXFileReference; explicitFileType = wrapper.application; includeInIndex = 0; path = WebSocketAndDigitsAuth.app; sourceTree = BUILT_PRODUCTS_DIR; };
		E90CB1A91B896D0F00FF1A57 /* Info.plist */ = {isa = PBXFileReference; lastKnownFileType = text.plist.xml; path = Info.plist; sourceTree = "<group>"; };
		E90CB1AA1B896D0F00FF1A57 /* AppDelegate.swift */ = {isa = PBXFileReference; lastKnownFileType = sourcecode.swift; path = AppDelegate.swift; sourceTree = "<group>"; };
		E90CB1AC1B896D0F00FF1A57 /* ViewController.swift */ = {isa = PBXFileReference; lastKnownFileType = sourcecode.swift; path = ViewController.swift; sourceTree = "<group>"; };
		E90CB1AF1B896D0F00FF1A57 /* Base */ = {isa = PBXFileReference; lastKnownFileType = file.storyboard; name = Base; path = Base.lproj/Main.storyboard; sourceTree = "<group>"; };
		E90CB1B11B896D0F00FF1A57 /* Images.xcassets */ = {isa = PBXFileReference; lastKnownFileType = folder.assetcatalog; path = Images.xcassets; sourceTree = "<group>"; };
		E90CB1B41B896D0F00FF1A57 /* Base */ = {isa = PBXFileReference; lastKnownFileType = file.xib; name = Base; path = Base.lproj/LaunchScreen.xib; sourceTree = "<group>"; };
		E90CB1BA1B896D0F00FF1A57 /* WebSocketAndDigitsAuthTests.xctest */ = {isa = PBXFileReference; explicitFileType = wrapper.cfbundle; includeInIndex = 0; path = WebSocketAndDigitsAuthTests.xctest; sourceTree = BUILT_PRODUCTS_DIR; };
		E90CB1BF1B896D0F00FF1A57 /* Info.plist */ = {isa = PBXFileReference; lastKnownFileType = text.plist.xml; path = Info.plist; sourceTree = "<group>"; };
		E90CB1C01B896D0F00FF1A57 /* WebSocketAndDigitsAuthTests.swift */ = {isa = PBXFileReference; lastKnownFileType = sourcecode.swift; path = WebSocketAndDigitsAuthTests.swift; sourceTree = "<group>"; };
/* End PBXFileReference section */

/* Begin PBXFrameworksBuildPhase section */
		E90CB1A21B896D0F00FF1A57 /* Frameworks */ = {
			isa = PBXFrameworksBuildPhase;
			buildActionMask = 2147483647;
			files = (
			);
			runOnlyForDeploymentPostprocessing = 0;
		};
		E90CB1B71B896D0F00FF1A57 /* Frameworks */ = {
			isa = PBXFrameworksBuildPhase;
			buildActionMask = 2147483647;
			files = (
			);
			runOnlyForDeploymentPostprocessing = 0;
		};
/* End PBXFrameworksBuildPhase section */

/* Begin PBXGroup section */
		E90CB19C1B896D0F00FF1A57 = {
			isa = PBXGroup;
			children = (
				E90CB1A71B896D0F00FF1A57 /* WebSocketAndDigitsAuth */,
				E90CB1BD1B896D0F00FF1A57 /* WebSocketAndDigitsAuthTests */,
				E90CB1A61B896D0F00FF1A57 /* Products */,
			);
			sourceTree = "<group>";
		};
		E90CB1A61B896D0F00FF1A57 /* Products */ = {
			isa = PBXGroup;
			children = (
				E90CB1A51B896D0F00FF1A57 /* WebSocketAndDigitsAuth.app */,
				E90CB1BA1B896D0F00FF1A57 /* WebSocketAndDigitsAuthTests.xctest */,
			);
			name = Products;
			sourceTree = "<group>";
		};
		E90CB1A71B896D0F00FF1A57 /* WebSocketAndDigitsAuth */ = {
			isa = PBXGroup;
			children = (
				E90CB1AA1B896D0F00FF1A57 /* AppDelegate.swift */,
				E90CB1AC1B896D0F00FF1A57 /* ViewController.swift */,
				E90CB1AE1B896D0F00FF1A57 /* Main.storyboard */,
				E90CB1B11B896D0F00FF1A57 /* Images.xcassets */,
				E90CB1B31B896D0F00FF1A57 /* LaunchScreen.xib */,
				E90CB1A81B896D0F00FF1A57 /* Supporting Files */,
			);
			path = WebSocketAndDigitsAuth;
			sourceTree = "<group>";
		};
		E90CB1A81B896D0F00FF1A57 /* Supporting Files */ = {
			isa = PBXGroup;
			children = (
				E90CB1A91B896D0F00FF1A57 /* Info.plist */,
			);
			name = "Supporting Files";
			sourceTree = "<group>";
		};
		E90CB1BD1B896D0F00FF1A57 /* WebSocketAndDigitsAuthTests */ = {
			isa = PBXGroup;
			children = (
				E90CB1C01B896D0F00FF1A57 /* WebSocketAndDigitsAuthTests.swift */,
				E90CB1BE1B896D0F00FF1A57 /* Supporting Files */,
			);
			path = WebSocketAndDigitsAuthTests;
			sourceTree = "<group>";
		};
		E90CB1BE1B896D0F00FF1A57 /* Supporting Files */ = {
			isa = PBXGroup;
			children = (
				E90CB1BF1B896D0F00FF1A57 /* Info.plist */,
			);
			name = "Supporting Files";
			sourceTree = "<group>";
		};
/* End PBXGroup section */

/* Begin PBXNativeTarget section */
		E90CB1A41B896D0F00FF1A57 /* WebSocketAndDigitsAuth */ = {
			isa = PBXNativeTarget;
			buildConfigurationList = E90CB1C41B896D0F00FF1A57 /* Build configuration list for PBXNativeTarget "WebSocketAndDigitsAuth" */;
			buildPhases = (
				E90CB1A11B896D0F00FF1A57 /* Sources */,
				E90CB1A21B896D0F00FF1A57 /* Frameworks */,
				E90CB1A31B896D0F00FF1A57 /* Resources */,
			);
			buildRules = (
			);
			dependencies = (
			);
			name = WebSocketAndDigitsAuth;
			productName = WebSocketAndDigitsAuth;
			productReference = E90CB1A51B896D0F00FF1A57 /* WebSocketAndDigitsAuth.app */;
			productType = "com.apple.product-type.application";
		};
		E90CB1B91B896D0F00FF1A57 /* WebSocketAndDigitsAuthTests */ = {
			isa = PBXNativeTarget;
			buildConfigurationList = E90CB1C71B896D0F00FF1A57 /* Build configuration list for PBXNativeTarget "WebSocketAndDigitsAuthTests" */;
			buildPhases = (
				E90CB1B61B896D0F00FF1A57 /* Sources */,
				E90CB1B71B896D0F00FF1A57 /* Frameworks */,
				E90CB1B81B896D0F00FF1A57 /* Resources */,
			);
			buildRules = (
			);
			dependencies = (
				E90CB1BC1B896D0F00FF1A57 /* PBXTargetDependency */,
			);
			name = WebSocketAndDigitsAuthTests;
			productName = WebSocketAndDigitsAuthTests;
			productReference = E90CB1BA1B896D0F00FF1A57 /* WebSocketAndDigitsAuthTests.xctest */;
			productType = "com.apple.product-type.bundle.unit-test";
		};
/* End PBXNativeTarget section */

/* Begin PBXProject section */
		E90CB19D1B896D0F00FF1A57 /* Project object */ = {
			isa = PBXProject;
			attributes = {
				LastUpgradeCheck = 0640;
				ORGANIZATIONNAME = michaelchum;
				TargetAttributes = {
					E90CB1A41B896D0F00FF1A57 = {
						CreatedOnToolsVersion = 6.4;
					};
					E90CB1B91B896D0F00FF1A57 = {
						CreatedOnToolsVersion = 6.4;
						TestTargetID = E90CB1A41B896D0F00FF1A57;
					};
				};
			};
			buildConfigurationList = E90CB1A01B896D0F00FF1A57 /* Build configuration list for PBXProject "WebSocketAndDigitsAuth" */;
			compatibilityVersion = "Xcode 3.2";
			developmentRegion = English;
			hasScannedForEncodings = 0;
			knownRegions = (
				en,
				Base,
			);
			mainGroup = E90CB19C1B896D0F00FF1A57;
			productRefGroup = E90CB1A61B896D0F00FF1A57 /* Products */;
			projectDirPath = "";
			projectRoot = "";
			targets = (
				E90CB1A41B896D0F00FF1A57 /* WebSocketAndDigitsAuth */,
				E90CB1B91B896D0F00FF1A57 /* WebSocketAndDigitsAuthTests */,
			);
		};
/* End PBXProject section */

/* Begin PBXResourcesBuildPhase section */
		E90CB1A31B896D0F00FF1A57 /* Resources */ = {
			isa = PBXResourcesBuildPhase;
			buildActionMask = 2147483647;
			files = (
				E90CB1B01B896D0F00FF1A57 /* Main.storyboard in Resources */,
				E90CB1B51B896D0F00FF1A57 /* LaunchScreen.xib in Resources */,
				E90CB1B21B896D0F00FF1A57 /* Images.xcassets in Resources */,
			);
			runOnlyForDeploymentPostprocessing = 0;
		};
		E90CB1B81B896D0F00FF1A57 /* Resources */ = {
			isa = PBXResourcesBuildPhase;
			buildActionMask = 2147483647;
			files = (
			);
			runOnlyForDeploymentPostprocessing = 0;
		};
/* End PBXResourcesBuildPhase section */

/* Begin PBXSourcesBuildPhase section */
		E90CB1A11B896D0F00FF1A57 /* Sources */ = {
			isa = PBXSourcesBuildPhase;
			buildActionMask = 2147483647;
			files = (
				E90CB1AD1B896D0F00FF1A57 /* ViewController.swift in Sources */,
				E90CB1AB1B896D0F00FF1A57 /* AppDelegate.swift in Sources */,
			);
			runOnlyForDeploymentPostprocessing = 0;
		};
		E90CB1B61B896D0F00FF1A57 /* Sources */ = {
			isa = PBXSourcesBuildPhase;
			buildActionMask = 2147483647;
			files = (
				E90CB1C11B896D0F00FF1A57 /* WebSocketAndDigitsAuthTests.swift in Sources */,
			);
			runOnlyForDeploymentPostprocessing = 0;
		};
/* End PBXSourcesBuildPhase section */

/* Begin PBXTargetDependency section */
		E90CB1BC1B896D0F00FF1A57 /* PBXTargetDependency */ = {
			isa = PBXTargetDependency;
			target = E90CB1A41B896D0F00FF1A57 /* WebSocketAndDigitsAuth */;
			targetProxy = E90CB1BB1B896D0F00FF1A57 /* PBXContainerItemProxy */;
		};
/* End PBXTargetDependency section */

/* Begin PBXVariantGroup section */
		E90CB1AE1B896D0F00FF1A57 /* Main.storyboard */ = {
			isa = PBXVariantGroup;
			children = (
				E90CB1AF1B896D0F00FF1A57 /* Base */,
			);
			name = Main.storyboard;
			sourceTree = "<group>";
		};
		E90CB1B31B896D0F00FF1A57 /* LaunchScreen.xib */ = {
			isa = PBXVariantGroup;
			children = (
				E90CB1B41B896D0F00FF1A57 /* Base */,
			);
			name = LaunchScreen.xib;
			sourceTree = "<group>";
		};
/* End PBXVariantGroup section */

/* Begin XCBuildConfiguration section */
		E90CB1C21B896D0F00FF1A57 /* Debug */ = {
			isa = XCBuildConfiguration;
			buildSettings = {
				ALWAYS_SEARCH_USER_PATHS = NO;
				CLANG_CXX_LANGUAGE_STANDARD = "gnu++0x";
				CLANG_CXX_LIBRARY = "libc++";
				CLANG_ENABLE_MODULES = YES;
				CLANG_ENABLE_OBJC_ARC = YES;
				CLANG_WARN_BOOL_CONVERSION = YES;
				CLANG_WARN_CONSTANT_CONVERSION = YES;
				CLANG_WARN_DIRECT_OBJC_ISA_USAGE = YES_ERROR;
				CLANG_WARN_EMPTY_BODY = YES;
				CLANG_WARN_ENUM_CONVERSION = YES;
				CLANG_WARN_INT_CONVERSION = YES;
				CLANG_WARN_OBJC_ROOT_CLASS = YES_ERROR;
				CLANG_WARN_UNREACHABLE_CODE = YES;
				CLANG_WARN__DUPLICATE_METHOD_MATCH = YES;
				"CODE_SIGN_IDENTITY[sdk=iphoneos*]" = "iPhone Developer";
				COPY_PHASE_STRIP = NO;
				DEBUG_INFORMATION_FORMAT = "dwarf-with-dsym";
				ENABLE_STRICT_OBJC_MSGSEND = YES;
				GCC_C_LANGUAGE_STANDARD = gnu99;
				GCC_DYNAMIC_NO_PIC = NO;
				GCC_NO_COMMON_BLOCKS = YES;
				GCC_OPTIMIZATION_LEVEL = 0;
				GCC_PREPROCESSOR_DEFINITIONS = (
					"DEBUG=1",
					"$(inherited)",
				);
				GCC_SYMBOLS_PRIVATE_EXTERN = NO;
				GCC_WARN_64_TO_32_BIT_CONVERSION = YES;
				GCC_WARN_ABOUT_RETURN_TYPE = YES_ERROR;
				GCC_WARN_UNDECLARED_SELECTOR = YES;
				GCC_WARN_UNINITIALIZED_AUTOS = YES_AGGRESSIVE;
				GCC_WARN_UNUSED_FUNCTION = YES;
				GCC_WARN_UNUSED_VARIABLE = YES;
				IPHONEOS_DEPLOYMENT_TARGET = 8.4;
				MTL_ENABLE_DEBUG_INFO = YES;
				ONLY_ACTIVE_ARCH = YES;
				SDKROOT = iphoneos;
				SWIFT_OPTIMIZATION_LEVEL = "-Onone";
			};
			name = Debug;
		};
		E90CB1C31B896D0F00FF1A57 /* Release */ = {
			isa = XCBuildConfiguration;
			buildSettings = {
				ALWAYS_SEARCH_USER_PATHS = NO;
				CLANG_CXX_LANGUAGE_STANDARD = "gnu++0x";
				CLANG_CXX_LIBRARY = "libc++";
				CLANG_ENABLE_MODULES = YES;
				CLANG_ENABLE_OBJC_ARC = YES;
				CLANG_WARN_BOOL_CONVERSION = YES;
				CLANG_WARN_CONSTANT_CONVERSION = YES;
				CLANG_WARN_DIRECT_OBJC_ISA_USAGE = YES_ERROR;
				CLANG_WARN_EMPTY_BODY = YES;
				CLANG_WARN_ENUM_CONVERSION = YES;
				CLANG_WARN_INT_CONVERSION = YES;
				CLANG_WARN_OBJC_ROOT_CLASS = YES_ERROR;
				CLANG_WARN_UNREACHABLE_CODE = YES;
				CLANG_WARN__DUPLICATE_METHOD_MATCH = YES;
				"CODE_SIGN_IDENTITY[sdk=iphoneos*]" = "iPhone Developer";
				COPY_PHASE_STRIP = NO;
				DEBUG_INFORMATION_FORMAT = "dwarf-with-dsym";
				ENABLE_NS_ASSERTIONS = NO;
				ENABLE_STRICT_OBJC_MSGSEND = YES;
				GCC_C_LANGUAGE_STANDARD = gnu99;
				GCC_NO_COMMON_BLOCKS = YES;
				GCC_WARN_64_TO_32_BIT_CONVERSION = YES;
				GCC_WARN_ABOUT_RETURN_TYPE = YES_ERROR;
				GCC_WARN_UNDECLARED_SELECTOR = YES;
				GCC_WARN_UNINITIALIZED_AUTOS = YES_AGGRESSIVE;
				GCC_WARN_UNUSED_FUNCTION = YES;
				GCC_WARN_UNUSED_VARIABLE = YES;
				IPHONEOS_DEPLOYMENT_TARGET = 8.4;
				MTL_ENABLE_DEBUG_INFO = NO;
				SDKROOT = iphoneos;
				VALIDATE_PRODUCT = YES;
			};
			name = Release;
		};
		E90CB1C51B896D0F00FF1A57 /* Debug */ = {
			isa = XCBuildConfiguration;
			buildSettings = {
				ASSETCATALOG_COMPILER_APPICON_NAME = AppIcon;
				INFOPLIST_FILE = WebSocketAndDigitsAuth/Info.plist;
				LD_RUNPATH_SEARCH_PATHS = "$(inherited) @executable_path/Frameworks";
				PRODUCT_NAME = "$(TARGET_NAME)";
			};
			name = Debug;
		};
		E90CB1C61B896D0F00FF1A57 /* Release */ = {
			isa = XCBuildConfiguration;
			buildSettings = {
				ASSETCATALOG_COMPILER_APPICON_NAME = AppIcon;
				INFOPLIST_FILE = WebSocketAndDigitsAuth/Info.plist;
				LD_RUNPATH_SEARCH_PATHS = "$(inherited) @executable_path/Frameworks";
				PRODUCT_NAME = "$(TARGET_NAME)";
			};
			name = Release;
		};
		E90CB1C81B896D0F00FF1A57 /* Debug */ = {
			isa = XCBuildConfiguration;
			buildSettings = {
				BUNDLE_LOADER = "$(TEST_HOST)";
				FRAMEWORK_SEARCH_PATHS = (
					"$(SDKROOT)/Developer/Library/Frameworks",
					"$(inherited)",
				);
				GCC_PREPROCESSOR_DEFINITIONS = (
					"DEBUG=1",
					"$(inherited)",
				);
				INFOPLIST_FILE = WebSocketAndDigitsAuthTests/Info.plist;
				LD_RUNPATH_SEARCH_PATHS = "$(inherited) @executable_path/Frameworks @loader_path/Frameworks";
				PRODUCT_NAME = "$(TARGET_NAME)";
				TEST_HOST = "$(BUILT_PRODUCTS_DIR)/WebSocketAndDigitsAuth.app/WebSocketAndDigitsAuth";
			};
			name = Debug;
		};
		E90CB1C91B896D0F00FF1A57 /* Release */ = {
			isa = XCBuildConfiguration;
			buildSettings = {
				BUNDLE_LOADER = "$(TEST_HOST)";
				FRAMEWORK_SEARCH_PATHS = (
					"$(SDKROOT)/Developer/Library/Frameworks",
					"$(inherited)",
				);
				INFOPLIST_FILE = WebSocketAndDigitsAuthTests/Info.plist;
				LD_RUNPATH_SEARCH_PATHS = "$(inherited) @executable_path/Frameworks @loader_path/Frameworks";
				PRODUCT_NAME = "$(TARGET_NAME)";
				TEST_HOST = "$(BUILT_PRODUCTS_DIR)/WebSocketAndDigitsAuth.app/WebSocketAndDigitsAuth";
			};
			name = Release;
		};
/* End XCBuildConfiguration section */

/* Begin XCConfigurationList section */
		E90CB1A01B896D0F00FF1A57 /* Build configuration list for PBXProject "WebSocketAndDigitsAuth" */ = {
			isa = XCConfigurationList;
			buildConfigurations = (
				E90CB1C21B896D0F00FF1A57 /* Debug */,
				E90CB1C31B896D0F00FF1A57 /* Release */,
			);
			defaultConfigurationIsVisible = 0;
			defaultConfigurationName = Release;
		};
		E90CB1C41B896D0F00FF1A57 /* Build configuration list for PBXNativeTarget "WebSocketAndDigitsAuth" */ = {
			isa = XCConfigurationList;
			buildConfigurations = (
				E90CB1C51B896D0F00FF1A57 /* Debug */,
				E90CB1C61B896D0F00FF1A57 /* Release */,
			);
			defaultConfigurationIsVisible = 0;
		};
		E90CB1C71B896D0F00FF1A57 /* Build configuration list for PBXNativeTarget "WebSocketAndDigitsAuthTests" */ = {
			isa = XCConfigurationList;
			buildConfigurations = (
				E90CB1C81B896D0F00FF1A57 /* Debug */,
				E90CB1C91B896D0F00FF1A57 /* Release */,
			);
			defaultConfigurationIsVisible = 0;
		};
/* End XCConfigurationList section */
	};
	rootObject = E90CB19D1B896D0F00FF1A57 /* Project object */;
}
